// !$*UTF8*$!
{
	archiveVersion = 1;
	classes = {
	};
	objectVersion = 50;
	objects = {

/* Begin PBXBuildFile section */
		E4C9224426FFB0AF00A18FD2 /* AppDelegate.swift in Sources */ = {isa = PBXBuildFile; fileRef = E4C9224326FFB0AF00A18FD2 /* AppDelegate.swift */; };
		E4C9224626FFB0AF00A18FD2 /* SceneDelegate.swift in Sources */ = {isa = PBXBuildFile; fileRef = E4C9224526FFB0AF00A18FD2 /* SceneDelegate.swift */; };
		E4C9224E26FFB0AF00A18FD2 /* WHOISHackathon.xcdatamodeld in Sources */ = {isa = PBXBuildFile; fileRef = E4C9224C26FFB0AF00A18FD2 /* WHOISHackathon.xcdatamodeld */; };
		E4C9225026FFB0B000A18FD2 /* Assets.xcassets in Resources */ = {isa = PBXBuildFile; fileRef = E4C9224F26FFB0B000A18FD2 /* Assets.xcassets */; };
		E4C9225326FFB0B000A18FD2 /* LaunchScreen.storyboard in Resources */ = {isa = PBXBuildFile; fileRef = E4C9225126FFB0B000A18FD2 /* LaunchScreen.storyboard */; };
		E4C9226526FFB14900A18FD2 /* FavoritesViewController.swift in Sources */ = {isa = PBXBuildFile; fileRef = E4C9225F26FFB14900A18FD2 /* FavoritesViewController.swift */; };
		E4C9226626FFB14900A18FD2 /* HistoryViewController.swift in Sources */ = {isa = PBXBuildFile; fileRef = E4C9226026FFB14900A18FD2 /* HistoryViewController.swift */; };
		E4C9226726FFB14900A18FD2 /* SearchResultViewController.swift in Sources */ = {isa = PBXBuildFile; fileRef = E4C9226126FFB14900A18FD2 /* SearchResultViewController.swift */; };
		E4C9226826FFB14900A18FD2 /* HomeViewController.swift in Sources */ = {isa = PBXBuildFile; fileRef = E4C9226226FFB14900A18FD2 /* HomeViewController.swift */; };
		E4C9226926FFB14900A18FD2 /* SearchViewController.swift in Sources */ = {isa = PBXBuildFile; fileRef = E4C9226326FFB14900A18FD2 /* SearchViewController.swift */; };
		E4C9226A26FFB14900A18FD2 /* DomainViewController.swift in Sources */ = {isa = PBXBuildFile; fileRef = E4C9226426FFB14900A18FD2 /* DomainViewController.swift */; };
		E4C9226E26FFB15B00A18FD2 /* DomainDetail.swift in Sources */ = {isa = PBXBuildFile; fileRef = E4C9226C26FFB15B00A18FD2 /* DomainDetail.swift */; };
		E4C9227226FFB17B00A18FD2 /* NetworkManager.swift in Sources */ = {isa = PBXBuildFile; fileRef = E4C9227026FFB17B00A18FD2 /* NetworkManager.swift */; };
		E4C9227326FFB17B00A18FD2 /* Constants.swift in Sources */ = {isa = PBXBuildFile; fileRef = E4C9227126FFB17B00A18FD2 /* Constants.swift */; };
		E4C9227626FFB41F00A18FD2 /* SearchResult+CoreDataClass.swift in Sources */ = {isa = PBXBuildFile; fileRef = E4C9227426FFB41F00A18FD2 /* SearchResult+CoreDataClass.swift */; };
		E4C9227726FFB41F00A18FD2 /* SearchResult+CoreDataProperties.swift in Sources */ = {isa = PBXBuildFile; fileRef = E4C9227526FFB41F00A18FD2 /* SearchResult+CoreDataProperties.swift */; };
		E4C9227B26FFC1A000A18FD2 /* SearchResultManager.swift in Sources */ = {isa = PBXBuildFile; fileRef = E4C9227A26FFC1A000A18FD2 /* SearchResultManager.swift */; };
		E4C9227D26FFC91400A18FD2 /* SearchResultCell.swift in Sources */ = {isa = PBXBuildFile; fileRef = E4C9227C26FFC91400A18FD2 /* SearchResultCell.swift */; };
		E4C9228127003D2A00A18FD2 /* DomainManager.swift in Sources */ = {isa = PBXBuildFile; fileRef = E4C9228027003D2A00A18FD2 /* DomainManager.swift */; };
		E4C9228427003F2200A18FD2 /* DomainItem+CoreDataClass.swift in Sources */ = {isa = PBXBuildFile; fileRef = E4C9228227003F2200A18FD2 /* DomainItem+CoreDataClass.swift */; };
		E4C92288270041FC00A18FD2 /* FavoritesButton.swift in Sources */ = {isa = PBXBuildFile; fileRef = E4C92287270041FC00A18FD2 /* FavoritesButton.swift */; };
		E4C9228C27007A7E00A18FD2 /* DateFormatterExtension.swift in Sources */ = {isa = PBXBuildFile; fileRef = E4C9228B27007A7E00A18FD2 /* DateFormatterExtension.swift */; };
		E4C9228E270082DF00A18FD2 /* DomainCell.swift in Sources */ = {isa = PBXBuildFile; fileRef = E4C9228D270082DF00A18FD2 /* DomainCell.swift */; };
		E4C922962700B9A400A18FD2 /* DomainItem+CoreDataProperties.swift in Sources */ = {isa = PBXBuildFile; fileRef = E4C922952700B9A400A18FD2 /* DomainItem+CoreDataProperties.swift */; };
		E4C922992700C1C100A18FD2 /* Montserrat-Regular.ttf in Resources */ = {isa = PBXBuildFile; fileRef = E4C922982700C16100A18FD2 /* Montserrat-Regular.ttf */; };
		E4C9229B2700DF2600A18FD2 /* SearchField.swift in Sources */ = {isa = PBXBuildFile; fileRef = E4C9229A2700DF2600A18FD2 /* SearchField.swift */; };
/* End PBXBuildFile section */

/* Begin PBXFileReference section */
		E4C9224026FFB0AF00A18FD2 /* WHOISHackathon.app */ = {isa = PBXFileReference; explicitFileType = wrapper.application; includeInIndex = 0; path = WHOISHackathon.app; sourceTree = BUILT_PRODUCTS_DIR; };
		E4C9224326FFB0AF00A18FD2 /* AppDelegate.swift */ = {isa = PBXFileReference; lastKnownFileType = sourcecode.swift; path = AppDelegate.swift; sourceTree = "<group>"; };
		E4C9224526FFB0AF00A18FD2 /* SceneDelegate.swift */ = {isa = PBXFileReference; lastKnownFileType = sourcecode.swift; path = SceneDelegate.swift; sourceTree = "<group>"; };
		E4C9224D26FFB0AF00A18FD2 /* WHOISHackathon.xcdatamodel */ = {isa = PBXFileReference; lastKnownFileType = wrapper.xcdatamodel; path = WHOISHackathon.xcdatamodel; sourceTree = "<group>"; };
		E4C9224F26FFB0B000A18FD2 /* Assets.xcassets */ = {isa = PBXFileReference; lastKnownFileType = folder.assetcatalog; path = Assets.xcassets; sourceTree = "<group>"; };
		E4C9225226FFB0B000A18FD2 /* Base */ = {isa = PBXFileReference; lastKnownFileType = file.storyboard; name = Base; path = Base.lproj/LaunchScreen.storyboard; sourceTree = "<group>"; };
		E4C9225426FFB0B000A18FD2 /* Info.plist */ = {isa = PBXFileReference; lastKnownFileType = text.plist.xml; path = Info.plist; sourceTree = "<group>"; };
		E4C9225F26FFB14900A18FD2 /* FavoritesViewController.swift */ = {isa = PBXFileReference; fileEncoding = 4; lastKnownFileType = sourcecode.swift; path = FavoritesViewController.swift; sourceTree = "<group>"; };
		E4C9226026FFB14900A18FD2 /* HistoryViewController.swift */ = {isa = PBXFileReference; fileEncoding = 4; lastKnownFileType = sourcecode.swift; path = HistoryViewController.swift; sourceTree = "<group>"; };
		E4C9226126FFB14900A18FD2 /* SearchResultViewController.swift */ = {isa = PBXFileReference; fileEncoding = 4; lastKnownFileType = sourcecode.swift; path = SearchResultViewController.swift; sourceTree = "<group>"; };
		E4C9226226FFB14900A18FD2 /* HomeViewController.swift */ = {isa = PBXFileReference; fileEncoding = 4; lastKnownFileType = sourcecode.swift; path = HomeViewController.swift; sourceTree = "<group>"; };
		E4C9226326FFB14900A18FD2 /* SearchViewController.swift */ = {isa = PBXFileReference; fileEncoding = 4; lastKnownFileType = sourcecode.swift; path = SearchViewController.swift; sourceTree = "<group>"; };
		E4C9226426FFB14900A18FD2 /* DomainViewController.swift */ = {isa = PBXFileReference; fileEncoding = 4; lastKnownFileType = sourcecode.swift; path = DomainViewController.swift; sourceTree = "<group>"; };
		E4C9226C26FFB15B00A18FD2 /* DomainDetail.swift */ = {isa = PBXFileReference; fileEncoding = 4; lastKnownFileType = sourcecode.swift; path = DomainDetail.swift; sourceTree = "<group>"; };
		E4C9227026FFB17B00A18FD2 /* NetworkManager.swift */ = {isa = PBXFileReference; fileEncoding = 4; lastKnownFileType = sourcecode.swift; path = NetworkManager.swift; sourceTree = "<group>"; };
		E4C9227126FFB17B00A18FD2 /* Constants.swift */ = {isa = PBXFileReference; fileEncoding = 4; lastKnownFileType = sourcecode.swift; path = Constants.swift; sourceTree = "<group>"; };
		E4C9227426FFB41F00A18FD2 /* SearchResult+CoreDataClass.swift */ = {isa = PBXFileReference; lastKnownFileType = sourcecode.swift; path = "SearchResult+CoreDataClass.swift"; sourceTree = "<group>"; };
		E4C9227526FFB41F00A18FD2 /* SearchResult+CoreDataProperties.swift */ = {isa = PBXFileReference; lastKnownFileType = sourcecode.swift; path = "SearchResult+CoreDataProperties.swift"; sourceTree = "<group>"; };
		E4C9227A26FFC1A000A18FD2 /* SearchResultManager.swift */ = {isa = PBXFileReference; lastKnownFileType = sourcecode.swift; path = SearchResultManager.swift; sourceTree = "<group>"; };
		E4C9227C26FFC91400A18FD2 /* SearchResultCell.swift */ = {isa = PBXFileReference; lastKnownFileType = sourcecode.swift; path = SearchResultCell.swift; sourceTree = "<group>"; };
		E4C9228027003D2A00A18FD2 /* DomainManager.swift */ = {isa = PBXFileReference; lastKnownFileType = sourcecode.swift; path = DomainManager.swift; sourceTree = "<group>"; };
		E4C9228227003F2200A18FD2 /* DomainItem+CoreDataClass.swift */ = {isa = PBXFileReference; lastKnownFileType = sourcecode.swift; path = "DomainItem+CoreDataClass.swift"; sourceTree = "<group>"; };
		E4C92287270041FC00A18FD2 /* FavoritesButton.swift */ = {isa = PBXFileReference; lastKnownFileType = sourcecode.swift; path = FavoritesButton.swift; sourceTree = "<group>"; };
		E4C9228B27007A7E00A18FD2 /* DateFormatterExtension.swift */ = {isa = PBXFileReference; lastKnownFileType = sourcecode.swift; path = DateFormatterExtension.swift; sourceTree = "<group>"; };
		E4C9228D270082DF00A18FD2 /* DomainCell.swift */ = {isa = PBXFileReference; lastKnownFileType = sourcecode.swift; path = DomainCell.swift; sourceTree = "<group>"; };
		E4C922952700B9A400A18FD2 /* DomainItem+CoreDataProperties.swift */ = {isa = PBXFileReference; lastKnownFileType = sourcecode.swift; path = "DomainItem+CoreDataProperties.swift"; sourceTree = "<group>"; };
		E4C922982700C16100A18FD2 /* Montserrat-Regular.ttf */ = {isa = PBXFileReference; lastKnownFileType = file; path = "Montserrat-Regular.ttf"; sourceTree = "<group>"; };
		E4C9229A2700DF2600A18FD2 /* SearchField.swift */ = {isa = PBXFileReference; lastKnownFileType = sourcecode.swift; path = SearchField.swift; sourceTree = "<group>"; };
/* End PBXFileReference section */

/* Begin PBXFrameworksBuildPhase section */
		E4C9223D26FFB0AF00A18FD2 /* Frameworks */ = {
			isa = PBXFrameworksBuildPhase;
			buildActionMask = 2147483647;
			files = (
			);
			runOnlyForDeploymentPostprocessing = 0;
		};
/* End PBXFrameworksBuildPhase section */

/* Begin PBXGroup section */
		E4C9223726FFB0AF00A18FD2 = {
			isa = PBXGroup;
			children = (
				E4C9224226FFB0AF00A18FD2 /* WHOISHackathon */,
				E4C9224126FFB0AF00A18FD2 /* Products */,
			);
			sourceTree = "<group>";
		};
		E4C9224126FFB0AF00A18FD2 /* Products */ = {
			isa = PBXGroup;
			children = (
				E4C9224026FFB0AF00A18FD2 /* WHOISHackathon.app */,
			);
			name = Products;
			sourceTree = "<group>";
		};
		E4C9224226FFB0AF00A18FD2 /* WHOISHackathon */ = {
			isa = PBXGroup;
			children = (
				E4C9225C26FFB11500A18FD2 /* Model */,
				E4C9225D26FFB11D00A18FD2 /* View */,
				E4C9225E26FFB12200A18FD2 /* Controller */,
				E4C9226F26FFB16C00A18FD2 /* Other */,
				E4C9225A26FFB0E200A18FD2 /* SupportingFiles */,
				E4C9225B26FFB10600A18FD2 /* Assets */,
				E4C922972700C12000A18FD2 /* Fonts */,
				E4C9225126FFB0B000A18FD2 /* LaunchScreen.storyboard */,
				E4C9224C26FFB0AF00A18FD2 /* WHOISHackathon.xcdatamodeld */,
			);
			path = WHOISHackathon;
			sourceTree = "<group>";
		};
		E4C9225A26FFB0E200A18FD2 /* SupportingFiles */ = {
			isa = PBXGroup;
			children = (
				E4C9224326FFB0AF00A18FD2 /* AppDelegate.swift */,
				E4C9224526FFB0AF00A18FD2 /* SceneDelegate.swift */,
				E4C9225426FFB0B000A18FD2 /* Info.plist */,
			);
			path = SupportingFiles;
			sourceTree = "<group>";
		};
		E4C9225B26FFB10600A18FD2 /* Assets */ = {
			isa = PBXGroup;
			children = (
				E4C9224F26FFB0B000A18FD2 /* Assets.xcassets */,
			);
			path = Assets;
			sourceTree = "<group>";
		};
		E4C9225C26FFB11500A18FD2 /* Model */ = {
			isa = PBXGroup;
			children = (
				E4C9228627003F3800A18FD2 /* Domain */,
				E4C9227926FFBF5300A18FD2 /* SearchResult */,
				E4C9226C26FFB15B00A18FD2 /* DomainDetail.swift */,
			);
			path = Model;
			sourceTree = "<group>";
		};
		E4C9225D26FFB11D00A18FD2 /* View */ = {
			isa = PBXGroup;
			children = (
				E4C9227C26FFC91400A18FD2 /* SearchResultCell.swift */,
				E4C92287270041FC00A18FD2 /* FavoritesButton.swift */,
				E4C9228D270082DF00A18FD2 /* DomainCell.swift */,
				E4C9229A2700DF2600A18FD2 /* SearchField.swift */,
			);
			path = View;
			sourceTree = "<group>";
		};
		E4C9225E26FFB12200A18FD2 /* Controller */ = {
			isa = PBXGroup;
			children = (
				E4C9226426FFB14900A18FD2 /* DomainViewController.swift */,
				E4C9225F26FFB14900A18FD2 /* FavoritesViewController.swift */,
				E4C9226026FFB14900A18FD2 /* HistoryViewController.swift */,
				E4C9226226FFB14900A18FD2 /* HomeViewController.swift */,
				E4C9226126FFB14900A18FD2 /* SearchResultViewController.swift */,
				E4C9226326FFB14900A18FD2 /* SearchViewController.swift */,
			);
			path = Controller;
			sourceTree = "<group>";
		};
		E4C9226F26FFB16C00A18FD2 /* Other */ = {
			isa = PBXGroup;
			children = (
				E4C9227026FFB17B00A18FD2 /* NetworkManager.swift */,
				E4C9227126FFB17B00A18FD2 /* Constants.swift */,
				E4C9227A26FFC1A000A18FD2 /* SearchResultManager.swift */,
				E4C9228027003D2A00A18FD2 /* DomainManager.swift */,
				E4C9228B27007A7E00A18FD2 /* DateFormatterExtension.swift */,
			);
			path = Other;
			sourceTree = "<group>";
		};
		E4C9227926FFBF5300A18FD2 /* SearchResult */ = {
			isa = PBXGroup;
			children = (
				E4C9227426FFB41F00A18FD2 /* SearchResult+CoreDataClass.swift */,
				E4C9227526FFB41F00A18FD2 /* SearchResult+CoreDataProperties.swift */,
			);
			path = SearchResult;
			sourceTree = "<group>";
		};
		E4C9228627003F3800A18FD2 /* Domain */ = {
			isa = PBXGroup;
			children = (
				E4C9228227003F2200A18FD2 /* DomainItem+CoreDataClass.swift */,
				E4C922952700B9A400A18FD2 /* DomainItem+CoreDataProperties.swift */,
			);
			path = Domain;
			sourceTree = "<group>";
		};
		E4C922972700C12000A18FD2 /* Fonts */ = {
			isa = PBXGroup;
			children = (
				E4C922982700C16100A18FD2 /* Montserrat-Regular.ttf */,
			);
			path = Fonts;
			sourceTree = "<group>";
		};
/* End PBXGroup section */

/* Begin PBXNativeTarget section */
		E4C9223F26FFB0AF00A18FD2 /* WHOISHackathon */ = {
			isa = PBXNativeTarget;
			buildConfigurationList = E4C9225726FFB0B000A18FD2 /* Build configuration list for PBXNativeTarget "WHOISHackathon" */;
			buildPhases = (
				E4C9223C26FFB0AF00A18FD2 /* Sources */,
				E4C9223D26FFB0AF00A18FD2 /* Frameworks */,
				E4C9223E26FFB0AF00A18FD2 /* Resources */,
			);
			buildRules = (
			);
			dependencies = (
			);
			name = WHOISHackathon;
			productName = WHOISHackathon;
			productReference = E4C9224026FFB0AF00A18FD2 /* WHOISHackathon.app */;
			productType = "com.apple.product-type.application";
		};
/* End PBXNativeTarget section */

/* Begin PBXProject section */
		E4C9223826FFB0AF00A18FD2 /* Project object */ = {
			isa = PBXProject;
			attributes = {
				LastSwiftUpdateCheck = 1250;
				LastUpgradeCheck = 1250;
				TargetAttributes = {
					E4C9223F26FFB0AF00A18FD2 = {
						CreatedOnToolsVersion = 12.5.1;
					};
				};
			};
			buildConfigurationList = E4C9223B26FFB0AF00A18FD2 /* Build configuration list for PBXProject "WHOISHackathon" */;
			compatibilityVersion = "Xcode 9.3";
			developmentRegion = en;
			hasScannedForEncodings = 0;
			knownRegions = (
				en,
				Base,
			);
			mainGroup = E4C9223726FFB0AF00A18FD2;
			productRefGroup = E4C9224126FFB0AF00A18FD2 /* Products */;
			projectDirPath = "";
			projectRoot = "";
			targets = (
				E4C9223F26FFB0AF00A18FD2 /* WHOISHackathon */,
			);
		};
/* End PBXProject section */

/* Begin PBXResourcesBuildPhase section */
		E4C9223E26FFB0AF00A18FD2 /* Resources */ = {
			isa = PBXResourcesBuildPhase;
			buildActionMask = 2147483647;
			files = (
				E4C922992700C1C100A18FD2 /* Montserrat-Regular.ttf in Resources */,
				E4C9225326FFB0B000A18FD2 /* LaunchScreen.storyboard in Resources */,
				E4C9225026FFB0B000A18FD2 /* Assets.xcassets in Resources */,
			);
			runOnlyForDeploymentPostprocessing = 0;
		};
/* End PBXResourcesBuildPhase section */

/* Begin PBXSourcesBuildPhase section */
		E4C9223C26FFB0AF00A18FD2 /* Sources */ = {
			isa = PBXSourcesBuildPhase;
			buildActionMask = 2147483647;
			files = (
				E4C9227626FFB41F00A18FD2 /* SearchResult+CoreDataClass.swift in Sources */,
				E4C9228127003D2A00A18FD2 /* DomainManager.swift in Sources */,
				E4C9228C27007A7E00A18FD2 /* DateFormatterExtension.swift in Sources */,
				E4C9227226FFB17B00A18FD2 /* NetworkManager.swift in Sources */,
				E4C9226A26FFB14900A18FD2 /* DomainViewController.swift in Sources */,
				E4C9224426FFB0AF00A18FD2 /* AppDelegate.swift in Sources */,
				E4C9224E26FFB0AF00A18FD2 /* WHOISHackathon.xcdatamodeld in Sources */,
				E4C9226926FFB14900A18FD2 /* SearchViewController.swift in Sources */,
				E4C922962700B9A400A18FD2 /* DomainItem+CoreDataProperties.swift in Sources */,
				E4C9228E270082DF00A18FD2 /* DomainCell.swift in Sources */,
				E4C9229B2700DF2600A18FD2 /* SearchField.swift in Sources */,
				E4C9227D26FFC91400A18FD2 /* SearchResultCell.swift in Sources */,
				E4C9227726FFB41F00A18FD2 /* SearchResult+CoreDataProperties.swift in Sources */,
				E4C9226526FFB14900A18FD2 /* FavoritesViewController.swift in Sources */,
				E4C9227326FFB17B00A18FD2 /* Constants.swift in Sources */,
				E4C9226626FFB14900A18FD2 /* HistoryViewController.swift in Sources */,
				E4C9227B26FFC1A000A18FD2 /* SearchResultManager.swift in Sources */,
				E4C9226726FFB14900A18FD2 /* SearchResultViewController.swift in Sources */,
				E4C9226826FFB14900A18FD2 /* HomeViewController.swift in Sources */,
				E4C9224626FFB0AF00A18FD2 /* SceneDelegate.swift in Sources */,
				E4C9228427003F2200A18FD2 /* DomainItem+CoreDataClass.swift in Sources */,
				E4C9226E26FFB15B00A18FD2 /* DomainDetail.swift in Sources */,
				E4C92288270041FC00A18FD2 /* FavoritesButton.swift in Sources */,
			);
			runOnlyForDeploymentPostprocessing = 0;
		};
/* End PBXSourcesBuildPhase section */

/* Begin PBXVariantGroup section */
		E4C9225126FFB0B000A18FD2 /* LaunchScreen.storyboard */ = {
			isa = PBXVariantGroup;
			children = (
				E4C9225226FFB0B000A18FD2 /* Base */,
			);
			name = LaunchScreen.storyboard;
			sourceTree = "<group>";
		};
/* End PBXVariantGroup section */

/* Begin XCBuildConfiguration section */
		E4C9225526FFB0B000A18FD2 /* Debug */ = {
			isa = XCBuildConfiguration;
			buildSettings = {
				ALWAYS_SEARCH_USER_PATHS = NO;
				CLANG_ANALYZER_NONNULL = YES;
				CLANG_ANALYZER_NUMBER_OBJECT_CONVERSION = YES_AGGRESSIVE;
				CLANG_CXX_LANGUAGE_STANDARD = "gnu++14";
				CLANG_CXX_LIBRARY = "libc++";
				CLANG_ENABLE_MODULES = YES;
				CLANG_ENABLE_OBJC_ARC = YES;
				CLANG_ENABLE_OBJC_WEAK = YES;
				CLANG_WARN_BLOCK_CAPTURE_AUTORELEASING = YES;
				CLANG_WARN_BOOL_CONVERSION = YES;
				CLANG_WARN_COMMA = YES;
				CLANG_WARN_CONSTANT_CONVERSION = YES;
				CLANG_WARN_DEPRECATED_OBJC_IMPLEMENTATIONS = YES;
				CLANG_WARN_DIRECT_OBJC_ISA_USAGE = YES_ERROR;
				CLANG_WARN_DOCUMENTATION_COMMENTS = YES;
				CLANG_WARN_EMPTY_BODY = YES;
				CLANG_WARN_ENUM_CONVERSION = YES;
				CLANG_WARN_INFINITE_RECURSION = YES;
				CLANG_WARN_INT_CONVERSION = YES;
				CLANG_WARN_NON_LITERAL_NULL_CONVERSION = YES;
				CLANG_WARN_OBJC_IMPLICIT_RETAIN_SELF = YES;
				CLANG_WARN_OBJC_LITERAL_CONVERSION = YES;
				CLANG_WARN_OBJC_ROOT_CLASS = YES_ERROR;
				CLANG_WARN_QUOTED_INCLUDE_IN_FRAMEWORK_HEADER = YES;
				CLANG_WARN_RANGE_LOOP_ANALYSIS = YES;
				CLANG_WARN_STRICT_PROTOTYPES = YES;
				CLANG_WARN_SUSPICIOUS_MOVE = YES;
				CLANG_WARN_UNGUARDED_AVAILABILITY = YES_AGGRESSIVE;
				CLANG_WARN_UNREACHABLE_CODE = YES;
				CLANG_WARN__DUPLICATE_METHOD_MATCH = YES;
				COPY_PHASE_STRIP = NO;
				DEBUG_INFORMATION_FORMAT = dwarf;
				ENABLE_STRICT_OBJC_MSGSEND = YES;
				ENABLE_TESTABILITY = YES;
				GCC_C_LANGUAGE_STANDARD = gnu11;
				GCC_DYNAMIC_NO_PIC = NO;
				GCC_NO_COMMON_BLOCKS = YES;
				GCC_OPTIMIZATION_LEVEL = 0;
				GCC_PREPROCESSOR_DEFINITIONS = (
					"DEBUG=1",
					"$(inherited)",
				);
				GCC_WARN_64_TO_32_BIT_CONVERSION = YES;
				GCC_WARN_ABOUT_RETURN_TYPE = YES_ERROR;
				GCC_WARN_UNDECLARED_SELECTOR = YES;
				GCC_WARN_UNINITIALIZED_AUTOS = YES_AGGRESSIVE;
				GCC_WARN_UNUSED_FUNCTION = YES;
				GCC_WARN_UNUSED_VARIABLE = YES;
				IPHONEOS_DEPLOYMENT_TARGET = 14.5;
				MTL_ENABLE_DEBUG_INFO = INCLUDE_SOURCE;
				MTL_FAST_MATH = YES;
				ONLY_ACTIVE_ARCH = YES;
				SDKROOT = iphoneos;
				SWIFT_ACTIVE_COMPILATION_CONDITIONS = DEBUG;
				SWIFT_OPTIMIZATION_LEVEL = "-Onone";
			};
			name = Debug;
		};
		E4C9225626FFB0B000A18FD2 /* Release */ = {
			isa = XCBuildConfiguration;
			buildSettings = {
				ALWAYS_SEARCH_USER_PATHS = NO;
				CLANG_ANALYZER_NONNULL = YES;
				CLANG_ANALYZER_NUMBER_OBJECT_CONVERSION = YES_AGGRESSIVE;
				CLANG_CXX_LANGUAGE_STANDARD = "gnu++14";
				CLANG_CXX_LIBRARY = "libc++";
				CLANG_ENABLE_MODULES = YES;
				CLANG_ENABLE_OBJC_ARC = YES;
				CLANG_ENABLE_OBJC_WEAK = YES;
				CLANG_WARN_BLOCK_CAPTURE_AUTORELEASING = YES;
				CLANG_WARN_BOOL_CONVERSION = YES;
				CLANG_WARN_COMMA = YES;
				CLANG_WARN_CONSTANT_CONVERSION = YES;
				CLANG_WARN_DEPRECATED_OBJC_IMPLEMENTATIONS = YES;
				CLANG_WARN_DIRECT_OBJC_ISA_USAGE = YES_ERROR;
				CLANG_WARN_DOCUMENTATION_COMMENTS = YES;
				CLANG_WARN_EMPTY_BODY = YES;
				CLANG_WARN_ENUM_CONVERSION = YES;
				CLANG_WARN_INFINITE_RECURSION = YES;
				CLANG_WARN_INT_CONVERSION = YES;
				CLANG_WARN_NON_LITERAL_NULL_CONVERSION = YES;
				CLANG_WARN_OBJC_IMPLICIT_RETAIN_SELF = YES;
				CLANG_WARN_OBJC_LITERAL_CONVERSION = YES;
				CLANG_WARN_OBJC_ROOT_CLASS = YES_ERROR;
				CLANG_WARN_QUOTED_INCLUDE_IN_FRAMEWORK_HEADER = YES;
				CLANG_WARN_RANGE_LOOP_ANALYSIS = YES;
				CLANG_WARN_STRICT_PROTOTYPES = YES;
				CLANG_WARN_SUSPICIOUS_MOVE = YES;
				CLANG_WARN_UNGUARDED_AVAILABILITY = YES_AGGRESSIVE;
				CLANG_WARN_UNREACHABLE_CODE = YES;
				CLANG_WARN__DUPLICATE_METHOD_MATCH = YES;
				COPY_PHASE_STRIP = NO;
				DEBUG_INFORMATION_FORMAT = "dwarf-with-dsym";
				ENABLE_NS_ASSERTIONS = NO;
				ENABLE_STRICT_OBJC_MSGSEND = YES;
				GCC_C_LANGUAGE_STANDARD = gnu11;
				GCC_NO_COMMON_BLOCKS = YES;
				GCC_WARN_64_TO_32_BIT_CONVERSION = YES;
				GCC_WARN_ABOUT_RETURN_TYPE = YES_ERROR;
				GCC_WARN_UNDECLARED_SELECTOR = YES;
				GCC_WARN_UNINITIALIZED_AUTOS = YES_AGGRESSIVE;
				GCC_WARN_UNUSED_FUNCTION = YES;
				GCC_WARN_UNUSED_VARIABLE = YES;
				IPHONEOS_DEPLOYMENT_TARGET = 14.5;
				MTL_ENABLE_DEBUG_INFO = NO;
				MTL_FAST_MATH = YES;
				SDKROOT = iphoneos;
				SWIFT_COMPILATION_MODE = wholemodule;
				SWIFT_OPTIMIZATION_LEVEL = "-O";
				VALIDATE_PRODUCT = YES;
			};
			name = Release;
		};
		E4C9225826FFB0B000A18FD2 /* Debug */ = {
			isa = XCBuildConfiguration;
			buildSettings = {
				ASSETCATALOG_COMPILER_APPICON_NAME = AppIcon;
				ASSETCATALOG_COMPILER_GLOBAL_ACCENT_COLOR_NAME = AccentColor;
				CODE_SIGN_STYLE = Automatic;
				DEVELOPMENT_TEAM = WHP9Z6BC8S;
				INFOPLIST_FILE = WHOISHackathon/SupportingFiles/Info.plist;
				LD_RUNPATH_SEARCH_PATHS = (
					"$(inherited)",
					"@executable_path/Frameworks",
				);
				PRODUCT_BUNDLE_IDENTIFIER = zeljkolucic.WHOISHackathon;
				PRODUCT_NAME = "$(TARGET_NAME)";
				SWIFT_VERSION = 5.0;
				TARGETED_DEVICE_FAMILY = "1,2";
			};
			name = Debug;
		};
		E4C9225926FFB0B000A18FD2 /* Release */ = {
			isa = XCBuildConfiguration;
			buildSettings = {
				ASSETCATALOG_COMPILER_APPICON_NAME = AppIcon;
				ASSETCATALOG_COMPILER_GLOBAL_ACCENT_COLOR_NAME = AccentColor;
				CODE_SIGN_STYLE = Automatic;
				DEVELOPMENT_TEAM = WHP9Z6BC8S;
				INFOPLIST_FILE = WHOISHackathon/SupportingFiles/Info.plist;
				LD_RUNPATH_SEARCH_PATHS = (
					"$(inherited)",
					"@executable_path/Frameworks",
				);
				PRODUCT_BUNDLE_IDENTIFIER = zeljkolucic.WHOISHackathon;
				PRODUCT_NAME = "$(TARGET_NAME)";
				SWIFT_VERSION = 5.0;
				TARGETED_DEVICE_FAMILY = "1,2";
			};
			name = Release;
		};
/* End XCBuildConfiguration section */

/* Begin XCConfigurationList section */
		E4C9223B26FFB0AF00A18FD2 /* Build configuration list for PBXProject "WHOISHackathon" */ = {
			isa = XCConfigurationList;
			buildConfigurations = (
				E4C9225526FFB0B000A18FD2 /* Debug */,
				E4C9225626FFB0B000A18FD2 /* Release */,
			);
			defaultConfigurationIsVisible = 0;
			defaultConfigurationName = Release;
		};
		E4C9225726FFB0B000A18FD2 /* Build configuration list for PBXNativeTarget "WHOISHackathon" */ = {
			isa = XCConfigurationList;
			buildConfigurations = (
				E4C9225826FFB0B000A18FD2 /* Debug */,
				E4C9225926FFB0B000A18FD2 /* Release */,
			);
			defaultConfigurationIsVisible = 0;
			defaultConfigurationName = Release;
		};
/* End XCConfigurationList section */

/* Begin XCVersionGroup section */
		E4C9224C26FFB0AF00A18FD2 /* WHOISHackathon.xcdatamodeld */ = {
			isa = XCVersionGroup;
			children = (
				E4C9224D26FFB0AF00A18FD2 /* WHOISHackathon.xcdatamodel */,
			);
			currentVersion = E4C9224D26FFB0AF00A18FD2 /* WHOISHackathon.xcdatamodel */;
			path = WHOISHackathon.xcdatamodeld;
			sourceTree = "<group>";
			versionGroupType = wrapper.xcdatamodel;
		};
/* End XCVersionGroup section */
	};
	rootObject = E4C9223826FFB0AF00A18FD2 /* Project object */;
}
